
Microsoft Visual Studio Solution File, Format Version 12.00
# .NET 10+
Project("{FAE04EC0-301F-11D3-BF4B-00C04F79EFBC}") = "InventoryScannerMAUI", "InventoryScannerMAUI.csproj", "{C1D2E3F4-A5B6-8901-BCDE-F12345678902}"
EndProject
Global
	GlobalSection(SolutionConfigurationPlatforms) = preSolution
		Debug|Any CPU = Debug|Any CPU
		Release|Any CPU = Release|Any CPU
	EndGlobalSection
	GlobalSection(ProjectConfigurationPlatforms) = postSolution
		{C1D2E3F4-A5B6-8901-BCDE-F12345678902}.Debug|Any CPU.ActiveCfg = Debug|Any CPU
		{C1D2E3F4-A5B6-8901-BCDE-F12345678902}.Debug|Any CPU.Build.0 = Debug|Any CPU
		{C1D2E3F4-A5B6-8901-BCDE-F12345678902}.Release|Any CPU.ActiveCfg = Release|Any CPU
		{C1D2E3F4-A5B6-8901-BCDE-F12345678902}.Release|Any CPU.Build.0 = Release|Any CPU
	EndGlobalSection
EndGlobal
